// !$*UTF8*$!
{
	archiveVersion = 1;
	classes = {
	};
	objectVersion = 50;
	objects = {

/* Begin PBXBuildFile section */
		182FD4F922360AAB00A2A0D8 /* AppDelegate.swift in Sources */ = {isa = PBXBuildFile; fileRef = 182FD4F822360AAB00A2A0D8 /* AppDelegate.swift */; };
		182FD4FB22360AAB00A2A0D8 /* ViewController.swift in Sources */ = {isa = PBXBuildFile; fileRef = 182FD4FA22360AAB00A2A0D8 /* ViewController.swift */; };
		182FD4FE22360AAB00A2A0D8 /* Main.storyboard in Resources */ = {isa = PBXBuildFile; fileRef = 182FD4FC22360AAB00A2A0D8 /* Main.storyboard */; };
		182FD50022360AAF00A2A0D8 /* Assets.xcassets in Resources */ = {isa = PBXBuildFile; fileRef = 182FD4FF22360AAF00A2A0D8 /* Assets.xcassets */; };
		182FD50322360AAF00A2A0D8 /* LaunchScreen.storyboard in Resources */ = {isa = PBXBuildFile; fileRef = 182FD50122360AAF00A2A0D8 /* LaunchScreen.storyboard */; };
		182FD50C22360B2000A2A0D8 /* Whoewx3y+NumberExtension.swift in Sources */ = {isa = PBXBuildFile; fileRef = 182FD50B22360B2000A2A0D8 /* Whoewx3y+NumberExtension.swift */; };
		182FD5BE223A53D500A2A0D8 /* Whoewx3Y+ColorExtension.swift in Sources */ = {isa = PBXBuildFile; fileRef = 182FD5BD223A53D500A2A0D8 /* Whoewx3Y+ColorExtension.swift */; };
		182FD5C0223A549800A2A0D8 /* Whoewx3y+UILabelExtension.swift in Sources */ = {isa = PBXBuildFile; fileRef = 182FD5BF223A549800A2A0D8 /* Whoewx3y+UILabelExtension.swift */; };
		18FF93E6223A589700AF8DA2 /* Whoewx3y+UIViewExtension.swift in Sources */ = {isa = PBXBuildFile; fileRef = 18FF93E5223A589700AF8DA2 /* Whoewx3y+UIViewExtension.swift */; };
		18FF93ED223A6AF700AF8DA2 /* testImage.jpg in Resources */ = {isa = PBXBuildFile; fileRef = 18FF93EC223A6AF700AF8DA2 /* testImage.jpg */; };
		18FF93EF223A6C0F00AF8DA2 /* testImage2.png in Resources */ = {isa = PBXBuildFile; fileRef = 18FF93EE223A6C0F00AF8DA2 /* testImage2.png */; };
		18FF93F1223A6CE900AF8DA2 /* testImage3.png in Resources */ = {isa = PBXBuildFile; fileRef = 18FF93F0223A6CE900AF8DA2 /* testImage3.png */; };
		18FF93F3223BC02700AF8DA2 /* Whoewx3ySetting.swift in Sources */ = {isa = PBXBuildFile; fileRef = 18FF93F2223BC02700AF8DA2 /* Whoewx3ySetting.swift */; };
		18FF93F62248E9B100AF8DA2 /* Whoewx3y+UIImageExtension.swift in Sources */ = {isa = PBXBuildFile; fileRef = 18FF93F52248E9B100AF8DA2 /* Whoewx3y+UIImageExtension.swift */; };
		18FF93F82248E9E700AF8DA2 /* Whoewx3y+StringExtension.swift in Sources */ = {isa = PBXBuildFile; fileRef = 18FF93F72248E9E700AF8DA2 /* Whoewx3y+StringExtension.swift */; };
		18FF93FA2248EAA800AF8DA2 /* Whoewx3y+UIViewControllerExtension.swift in Sources */ = {isa = PBXBuildFile; fileRef = 18FF93F92248EAA800AF8DA2 /* Whoewx3y+UIViewControllerExtension.swift */; };
		18FF93FC2248EB3000AF8DA2 /* Whoewx3y+UIButtonExtension.swift in Sources */ = {isa = PBXBuildFile; fileRef = 18FF93FB2248EB3000AF8DA2 /* Whoewx3y+UIButtonExtension.swift */; };
/* End PBXBuildFile section */

/* Begin PBXFileReference section */
		182FD4F522360AAB00A2A0D8 /* Whoewx3yCommon.app */ = {isa = PBXFileReference; explicitFileType = wrapper.application; includeInIndex = 0; path = Whoewx3yCommon.app; sourceTree = BUILT_PRODUCTS_DIR; };
		182FD4F822360AAB00A2A0D8 /* AppDelegate.swift */ = {isa = PBXFileReference; lastKnownFileType = sourcecode.swift; path = AppDelegate.swift; sourceTree = "<group>"; };
		182FD4FA22360AAB00A2A0D8 /* ViewController.swift */ = {isa = PBXFileReference; lastKnownFileType = sourcecode.swift; path = ViewController.swift; sourceTree = "<group>"; };
		182FD4FD22360AAB00A2A0D8 /* Base */ = {isa = PBXFileReference; lastKnownFileType = file.storyboard; name = Base; path = Base.lproj/Main.storyboard; sourceTree = "<group>"; };
		182FD4FF22360AAF00A2A0D8 /* Assets.xcassets */ = {isa = PBXFileReference; lastKnownFileType = folder.assetcatalog; path = Assets.xcassets; sourceTree = "<group>"; };
		182FD50222360AAF00A2A0D8 /* Base */ = {isa = PBXFileReference; lastKnownFileType = file.storyboard; name = Base; path = Base.lproj/LaunchScreen.storyboard; sourceTree = "<group>"; };
		182FD50422360AAF00A2A0D8 /* Info.plist */ = {isa = PBXFileReference; lastKnownFileType = text.plist.xml; path = Info.plist; sourceTree = "<group>"; };
		182FD50B22360B2000A2A0D8 /* Whoewx3y+NumberExtension.swift */ = {isa = PBXFileReference; lastKnownFileType = sourcecode.swift; path = "Whoewx3y+NumberExtension.swift"; sourceTree = "<group>"; };
		182FD5BD223A53D500A2A0D8 /* Whoewx3Y+ColorExtension.swift */ = {isa = PBXFileReference; lastKnownFileType = sourcecode.swift; path = "Whoewx3Y+ColorExtension.swift"; sourceTree = "<group>"; };
		182FD5BF223A549800A2A0D8 /* Whoewx3y+UILabelExtension.swift */ = {isa = PBXFileReference; lastKnownFileType = sourcecode.swift; path = "Whoewx3y+UILabelExtension.swift"; sourceTree = "<group>"; };
		18FF93E5223A589700AF8DA2 /* Whoewx3y+UIViewExtension.swift */ = {isa = PBXFileReference; lastKnownFileType = sourcecode.swift; path = "Whoewx3y+UIViewExtension.swift"; sourceTree = "<group>"; };
		18FF93EC223A6AF700AF8DA2 /* testImage.jpg */ = {isa = PBXFileReference; lastKnownFileType = image.jpeg; path = testImage.jpg; sourceTree = "<group>"; };
		18FF93EE223A6C0F00AF8DA2 /* testImage2.png */ = {isa = PBXFileReference; lastKnownFileType = image.png; path = testImage2.png; sourceTree = "<group>"; };
		18FF93F0223A6CE900AF8DA2 /* testImage3.png */ = {isa = PBXFileReference; lastKnownFileType = image.png; path = testImage3.png; sourceTree = "<group>"; };
		18FF93F2223BC02700AF8DA2 /* Whoewx3ySetting.swift */ = {isa = PBXFileReference; lastKnownFileType = sourcecode.swift; path = Whoewx3ySetting.swift; sourceTree = "<group>"; };
		18FF93F52248E9B100AF8DA2 /* Whoewx3y+UIImageExtension.swift */ = {isa = PBXFileReference; lastKnownFileType = sourcecode.swift; path = "Whoewx3y+UIImageExtension.swift"; sourceTree = "<group>"; };
		18FF93F72248E9E700AF8DA2 /* Whoewx3y+StringExtension.swift */ = {isa = PBXFileReference; lastKnownFileType = sourcecode.swift; path = "Whoewx3y+StringExtension.swift"; sourceTree = "<group>"; };
		18FF93F92248EAA800AF8DA2 /* Whoewx3y+UIViewControllerExtension.swift */ = {isa = PBXFileReference; lastKnownFileType = sourcecode.swift; path = "Whoewx3y+UIViewControllerExtension.swift"; sourceTree = "<group>"; };
		18FF93FB2248EB3000AF8DA2 /* Whoewx3y+UIButtonExtension.swift */ = {isa = PBXFileReference; lastKnownFileType = sourcecode.swift; path = "Whoewx3y+UIButtonExtension.swift"; sourceTree = "<group>"; };
/* End PBXFileReference section */

/* Begin PBXFrameworksBuildPhase section */
		182FD4F222360AAB00A2A0D8 /* Frameworks */ = {
			isa = PBXFrameworksBuildPhase;
			buildActionMask = 2147483647;
			files = (
			);
			runOnlyForDeploymentPostprocessing = 0;
		};
/* End PBXFrameworksBuildPhase section */

/* Begin PBXGroup section */
		182FD4EC22360AAB00A2A0D8 = {
			isa = PBXGroup;
			children = (
				182FD4F722360AAB00A2A0D8 /* Whoewx3yCommon */,
				182FD4F622360AAB00A2A0D8 /* Products */,
			);
			sourceTree = "<group>";
		};
		182FD4F622360AAB00A2A0D8 /* Products */ = {
			isa = PBXGroup;
			children = (
				182FD4F522360AAB00A2A0D8 /* Whoewx3yCommon.app */,
			);
			name = Products;
			sourceTree = "<group>";
		};
		182FD4F722360AAB00A2A0D8 /* Whoewx3yCommon */ = {
			isa = PBXGroup;
			children = (
				182FD5B8223A4EDE00A2A0D8 /* Main */,
				182FD50A22360AB800A2A0D8 /* Source */,
				182FD4F822360AAB00A2A0D8 /* AppDelegate.swift */,
				182FD4FF22360AAF00A2A0D8 /* Assets.xcassets */,
				182FD50122360AAF00A2A0D8 /* LaunchScreen.storyboard */,
				182FD50422360AAF00A2A0D8 /* Info.plist */,
				18FF93F2223BC02700AF8DA2 /* Whoewx3ySetting.swift */,
			);
			path = Whoewx3yCommon;
			sourceTree = "<group>";
		};
		182FD50A22360AB800A2A0D8 /* Source */ = {
			isa = PBXGroup;
			children = (
				18FF93F4223F4F9200AF8DA2 /* Extension */,
			);
			path = Source;
			sourceTree = "<group>";
		};
		182FD5B8223A4EDE00A2A0D8 /* Main */ = {
			isa = PBXGroup;
			children = (
				18FF93EB223A6AE400AF8DA2 /* Image */,
				182FD4FA22360AAB00A2A0D8 /* ViewController.swift */,
				182FD4FC22360AAB00A2A0D8 /* Main.storyboard */,
			);
			path = Main;
			sourceTree = "<group>";
		};
		18FF93EB223A6AE400AF8DA2 /* Image */ = {
			isa = PBXGroup;
			children = (
				18FF93EE223A6C0F00AF8DA2 /* testImage2.png */,
				18FF93F0223A6CE900AF8DA2 /* testImage3.png */,
				18FF93EC223A6AF700AF8DA2 /* testImage.jpg */,
			);
			path = Image;
			sourceTree = "<group>";
		};
		18FF93F4223F4F9200AF8DA2 /* Extension */ = {
			isa = PBXGroup;
			children = (
				182FD50B22360B2000A2A0D8 /* Whoewx3y+NumberExtension.swift */,
				182FD5BD223A53D500A2A0D8 /* Whoewx3Y+ColorExtension.swift */,
				182FD5BF223A549800A2A0D8 /* Whoewx3y+UILabelExtension.swift */,
				18FF93E5223A589700AF8DA2 /* Whoewx3y+UIViewExtension.swift */,
				18FF93F52248E9B100AF8DA2 /* Whoewx3y+UIImageExtension.swift */,
				18FF93F72248E9E700AF8DA2 /* Whoewx3y+StringExtension.swift */,
				18FF93F92248EAA800AF8DA2 /* Whoewx3y+UIViewControllerExtension.swift */,
				18FF93FB2248EB3000AF8DA2 /* Whoewx3y+UIButtonExtension.swift */,
			);
			path = Extension;
			sourceTree = "<group>";
		};
/* End PBXGroup section */

/* Begin PBXNativeTarget section */
		182FD4F422360AAB00A2A0D8 /* Whoewx3yCommon */ = {
			isa = PBXNativeTarget;
			buildConfigurationList = 182FD50722360AAF00A2A0D8 /* Build configuration list for PBXNativeTarget "Whoewx3yCommon" */;
			buildPhases = (
				182FD4F122360AAB00A2A0D8 /* Sources */,
				182FD4F222360AAB00A2A0D8 /* Frameworks */,
				182FD4F322360AAB00A2A0D8 /* Resources */,
			);
			buildRules = (
			);
			dependencies = (
			);
			name = Whoewx3yCommon;
			productName = Whoewx3yCommon;
			productReference = 182FD4F522360AAB00A2A0D8 /* Whoewx3yCommon.app */;
			productType = "com.apple.product-type.application";
		};
/* End PBXNativeTarget section */

/* Begin PBXProject section */
		182FD4ED22360AAB00A2A0D8 /* Project object */ = {
			isa = PBXProject;
			attributes = {
				LastSwiftUpdateCheck = 1010;
				LastUpgradeCheck = 1010;
				ORGANIZATIONNAME = nutdanai;
				TargetAttributes = {
					182FD4F422360AAB00A2A0D8 = {
						CreatedOnToolsVersion = 10.1;
					};
				};
			};
			buildConfigurationList = 182FD4F022360AAB00A2A0D8 /* Build configuration list for PBXProject "Whoewx3yCommon" */;
			compatibilityVersion = "Xcode 9.3";
			developmentRegion = en;
			hasScannedForEncodings = 0;
			knownRegions = (
				en,
				Base,
			);
			mainGroup = 182FD4EC22360AAB00A2A0D8;
			productRefGroup = 182FD4F622360AAB00A2A0D8 /* Products */;
			projectDirPath = "";
			projectRoot = "";
			targets = (
				182FD4F422360AAB00A2A0D8 /* Whoewx3yCommon */,
			);
		};
/* End PBXProject section */

/* Begin PBXResourcesBuildPhase section */
		182FD4F322360AAB00A2A0D8 /* Resources */ = {
			isa = PBXResourcesBuildPhase;
			buildActionMask = 2147483647;
			files = (
				182FD50322360AAF00A2A0D8 /* LaunchScreen.storyboard in Resources */,
				18FF93EF223A6C0F00AF8DA2 /* testImage2.png in Resources */,
				182FD50022360AAF00A2A0D8 /* Assets.xcassets in Resources */,
				182FD4FE22360AAB00A2A0D8 /* Main.storyboard in Resources */,
				18FF93F1223A6CE900AF8DA2 /* testImage3.png in Resources */,
				18FF93ED223A6AF700AF8DA2 /* testImage.jpg in Resources */,
			);
			runOnlyForDeploymentPostprocessing = 0;
		};
/* End PBXResourcesBuildPhase section */

/* Begin PBXSourcesBuildPhase section */
		182FD4F122360AAB00A2A0D8 /* Sources */ = {
			isa = PBXSourcesBuildPhase;
			buildActionMask = 2147483647;
			files = (
				182FD50C22360B2000A2A0D8 /* Whoewx3y+NumberExtension.swift in Sources */,
				18FF93F62248E9B100AF8DA2 /* Whoewx3y+UIImageExtension.swift in Sources */,
				182FD5C0223A549800A2A0D8 /* Whoewx3y+UILabelExtension.swift in Sources */,
				182FD5BE223A53D500A2A0D8 /* Whoewx3Y+ColorExtension.swift in Sources */,
				182FD4FB22360AAB00A2A0D8 /* ViewController.swift in Sources */,
				18FF93F82248E9E700AF8DA2 /* Whoewx3y+StringExtension.swift in Sources */,
				18FF93E6223A589700AF8DA2 /* Whoewx3y+UIViewExtension.swift in Sources */,
				182FD4F922360AAB00A2A0D8 /* AppDelegate.swift in Sources */,
				18FF93FA2248EAA800AF8DA2 /* Whoewx3y+UIViewControllerExtension.swift in Sources */,
				18FF93FC2248EB3000AF8DA2 /* Whoewx3y+UIButtonExtension.swift in Sources */,
				18FF93F3223BC02700AF8DA2 /* Whoewx3ySetting.swift in Sources */,
			);
			runOnlyForDeploymentPostprocessing = 0;
		};
/* End PBXSourcesBuildPhase section */

/* Begin PBXVariantGroup section */
		182FD4FC22360AAB00A2A0D8 /* Main.storyboard */ = {
			isa = PBXVariantGroup;
			children = (
				182FD4FD22360AAB00A2A0D8 /* Base */,
			);
			name = Main.storyboard;
			sourceTree = "<group>";
		};
		182FD50122360AAF00A2A0D8 /* LaunchScreen.storyboard */ = {
			isa = PBXVariantGroup;
			children = (
				182FD50222360AAF00A2A0D8 /* Base */,
			);
			name = LaunchScreen.storyboard;
			sourceTree = "<group>";
		};
/* End PBXVariantGroup section */

/* Begin XCBuildConfiguration section */
		182FD50522360AAF00A2A0D8 /* Debug */ = {
			isa = XCBuildConfiguration;
			buildSettings = {
				ALWAYS_SEARCH_USER_PATHS = NO;
				CLANG_ANALYZER_NONNULL = YES;
				CLANG_ANALYZER_NUMBER_OBJECT_CONVERSION = YES_AGGRESSIVE;
				CLANG_CXX_LANGUAGE_STANDARD = "gnu++14";
				CLANG_CXX_LIBRARY = "libc++";
				CLANG_ENABLE_MODULES = YES;
				CLANG_ENABLE_OBJC_ARC = YES;
				CLANG_ENABLE_OBJC_WEAK = YES;
				CLANG_WARN_BLOCK_CAPTURE_AUTORELEASING = YES;
				CLANG_WARN_BOOL_CONVERSION = YES;
				CLANG_WARN_COMMA = YES;
				CLANG_WARN_CONSTANT_CONVERSION = YES;
				CLANG_WARN_DEPRECATED_OBJC_IMPLEMENTATIONS = YES;
				CLANG_WARN_DIRECT_OBJC_ISA_USAGE = YES_ERROR;
				CLANG_WARN_DOCUMENTATION_COMMENTS = YES;
				CLANG_WARN_EMPTY_BODY = YES;
				CLANG_WARN_ENUM_CONVERSION = YES;
				CLANG_WARN_INFINITE_RECURSION = YES;
				CLANG_WARN_INT_CONVERSION = YES;
				CLANG_WARN_NON_LITERAL_NULL_CONVERSION = YES;
				CLANG_WARN_OBJC_IMPLICIT_RETAIN_SELF = YES;
				CLANG_WARN_OBJC_LITERAL_CONVERSION = YES;
				CLANG_WARN_OBJC_ROOT_CLASS = YES_ERROR;
				CLANG_WARN_RANGE_LOOP_ANALYSIS = YES;
				CLANG_WARN_STRICT_PROTOTYPES = YES;
				CLANG_WARN_SUSPICIOUS_MOVE = YES;
				CLANG_WARN_UNGUARDED_AVAILABILITY = YES_AGGRESSIVE;
				CLANG_WARN_UNREACHABLE_CODE = YES;
				CLANG_WARN__DUPLICATE_METHOD_MATCH = YES;
				CODE_SIGN_IDENTITY = "iPhone Developer";
				COPY_PHASE_STRIP = NO;
				DEBUG_INFORMATION_FORMAT = dwarf;
				ENABLE_STRICT_OBJC_MSGSEND = YES;
				ENABLE_TESTABILITY = YES;
				GCC_C_LANGUAGE_STANDARD = gnu11;
				GCC_DYNAMIC_NO_PIC = NO;
				GCC_NO_COMMON_BLOCKS = YES;
				GCC_OPTIMIZATION_LEVEL = 0;
				GCC_PREPROCESSOR_DEFINITIONS = (
					"DEBUG=1",
					"$(inherited)",
				);
				GCC_WARN_64_TO_32_BIT_CONVERSION = YES;
				GCC_WARN_ABOUT_RETURN_TYPE = YES_ERROR;
				GCC_WARN_UNDECLARED_SELECTOR = YES;
				GCC_WARN_UNINITIALIZED_AUTOS = YES_AGGRESSIVE;
				GCC_WARN_UNUSED_FUNCTION = YES;
				GCC_WARN_UNUSED_VARIABLE = YES;
				IPHONEOS_DEPLOYMENT_TARGET = 12.1;
				MTL_ENABLE_DEBUG_INFO = INCLUDE_SOURCE;
				MTL_FAST_MATH = YES;
				ONLY_ACTIVE_ARCH = YES;
				SDKROOT = iphoneos;
				SWIFT_ACTIVE_COMPILATION_CONDITIONS = DEBUG;
				SWIFT_OPTIMIZATION_LEVEL = "-Onone";
			};
			name = Debug;
		};
		182FD50622360AAF00A2A0D8 /* Release */ = {
			isa = XCBuildConfiguration;
			buildSettings = {
				ALWAYS_SEARCH_USER_PATHS = NO;
				CLANG_ANALYZER_NONNULL = YES;
				CLANG_ANALYZER_NUMBER_OBJECT_CONVERSION = YES_AGGRESSIVE;
				CLANG_CXX_LANGUAGE_STANDARD = "gnu++14";
				CLANG_CXX_LIBRARY = "libc++";
				CLANG_ENABLE_MODULES = YES;
				CLANG_ENABLE_OBJC_ARC = YES;
				CLANG_ENABLE_OBJC_WEAK = YES;
				CLANG_WARN_BLOCK_CAPTURE_AUTORELEASING = YES;
				CLANG_WARN_BOOL_CONVERSION = YES;
				CLANG_WARN_COMMA = YES;
				CLANG_WARN_CONSTANT_CONVERSION = YES;
				CLANG_WARN_DEPRECATED_OBJC_IMPLEMENTATIONS = YES;
				CLANG_WARN_DIRECT_OBJC_ISA_USAGE = YES_ERROR;
				CLANG_WARN_DOCUMENTATION_COMMENTS = YES;
				CLANG_WARN_EMPTY_BODY = YES;
				CLANG_WARN_ENUM_CONVERSION = YES;
				CLANG_WARN_INFINITE_RECURSION = YES;
				CLANG_WARN_INT_CONVERSION = YES;
				CLANG_WARN_NON_LITERAL_NULL_CONVERSION = YES;
				CLANG_WARN_OBJC_IMPLICIT_RETAIN_SELF = YES;
				CLANG_WARN_OBJC_LITERAL_CONVERSION = YES;
				CLANG_WARN_OBJC_ROOT_CLASS = YES_ERROR;
				CLANG_WARN_RANGE_LOOP_ANALYSIS = YES;
				CLANG_WARN_STRICT_PROTOTYPES = YES;
				CLANG_WARN_SUSPICIOUS_MOVE = YES;
				CLANG_WARN_UNGUARDED_AVAILABILITY = YES_AGGRESSIVE;
				CLANG_WARN_UNREACHABLE_CODE = YES;
				CLANG_WARN__DUPLICATE_METHOD_MATCH = YES;
				CODE_SIGN_IDENTITY = "iPhone Developer";
				COPY_PHASE_STRIP = NO;
				DEBUG_INFORMATION_FORMAT = "dwarf-with-dsym";
				ENABLE_NS_ASSERTIONS = NO;
				ENABLE_STRICT_OBJC_MSGSEND = YES;
				GCC_C_LANGUAGE_STANDARD = gnu11;
				GCC_NO_COMMON_BLOCKS = YES;
				GCC_WARN_64_TO_32_BIT_CONVERSION = YES;
				GCC_WARN_ABOUT_RETURN_TYPE = YES_ERROR;
				GCC_WARN_UNDECLARED_SELECTOR = YES;
				GCC_WARN_UNINITIALIZED_AUTOS = YES_AGGRESSIVE;
				GCC_WARN_UNUSED_FUNCTION = YES;
				GCC_WARN_UNUSED_VARIABLE = YES;
				IPHONEOS_DEPLOYMENT_TARGET = 12.1;
				MTL_ENABLE_DEBUG_INFO = NO;
				MTL_FAST_MATH = YES;
				SDKROOT = iphoneos;
				SWIFT_COMPILATION_MODE = wholemodule;
				SWIFT_OPTIMIZATION_LEVEL = "-O";
				VALIDATE_PRODUCT = YES;
			};
			name = Release;
		};
		182FD50822360AAF00A2A0D8 /* Debug */ = {
			isa = XCBuildConfiguration;
			buildSettings = {
				ASSETCATALOG_COMPILER_APPICON_NAME = AppIcon;
				CODE_SIGN_STYLE = Automatic;
				INFOPLIST_FILE = Whoewx3yCommon/Info.plist;
				LD_RUNPATH_SEARCH_PATHS = (
					"$(inherited)",
					"@executable_path/Frameworks",
				);
				PRODUCT_BUNDLE_IDENTIFIER = co.Whoewx3yCommon;
				PRODUCT_NAME = "$(TARGET_NAME)";
				SWIFT_VERSION = 4.2;
				TARGETED_DEVICE_FAMILY = "1,2";
			};
			name = Debug;
		};
		182FD50922360AAF00A2A0D8 /* Release */ = {
			isa = XCBuildConfiguration;
			buildSettings = {
				ASSETCATALOG_COMPILER_APPICON_NAME = AppIcon;
				CODE_SIGN_STYLE = Automatic;
				INFOPLIST_FILE = Whoewx3yCommon/Info.plist;
				LD_RUNPATH_SEARCH_PATHS = (
					"$(inherited)",
					"@executable_path/Frameworks",
				);
				PRODUCT_BUNDLE_IDENTIFIER = co.Whoewx3yCommon;
				PRODUCT_NAME = "$(TARGET_NAME)";
				SWIFT_VERSION = 4.2;
				TARGETED_DEVICE_FAMILY = "1,2";
			};
			name = Release;
		};
/* End XCBuildConfiguration section */

/* Begin XCConfigurationList section */
		182FD4F022360AAB00A2A0D8 /* Build configuration list for PBXProject "Whoewx3yCommon" */ = {
			isa = XCConfigurationList;
			buildConfigurations = (
				182FD50522360AAF00A2A0D8 /* Debug */,
				182FD50622360AAF00A2A0D8 /* Release */,
			);
			defaultConfigurationIsVisible = 0;
			defaultConfigurationName = Release;
		};
		182FD50722360AAF00A2A0D8 /* Build configuration list for PBXNativeTarget "Whoewx3yCommon" */ = {
			isa = XCConfigurationList;
			buildConfigurations = (
				182FD50822360AAF00A2A0D8 /* Debug */,
				182FD50922360AAF00A2A0D8 /* Release */,
			);
			defaultConfigurationIsVisible = 0;
			defaultConfigurationName = Release;
		};
/* End XCConfigurationList section */
	};
	rootObject = 182FD4ED22360AAB00A2A0D8 /* Project object */;
}
